
Microsoft Visual Studio Solution File, Format Version 12.00
# Visual Studio 15
VisualStudioVersion = 15.0.28307.645
MinimumVisualStudioVersion = 10.0.40219.1
Project("{9A19103F-16F7-4668-BE54-9A1E7A4F7556}") = "Shuttle.Core.Data.CallContext", "Shuttle.Core.Data.CallContext\Shuttle.Core.Data.CallContext.csproj", "{332C1ADE-BC9B-43FC-AEA3-118F0941ADEC}"
EndProject
Project("{2150E333-8FDC-42A3-9474-1A3956D46DE8}") = "Solution Items", "Solution Items", "{7C4DD691-DF0B-4460-86EF-EFE076AC78FB}"
	ProjectSection(SolutionItems) = preProject
		LICENSE = LICENSE
		README.md = README.md
	EndProjectSection
EndProject
Global
	GlobalSection(SolutionConfigurationPlatforms) = preSolution
		Debug|Any CPU = Debug|Any CPU
		Release|Any CPU = Release|Any CPU
	EndGlobalSection
	GlobalSection(ProjectConfigurationPlatforms) = postSolution
		{332C1ADE-BC9B-43FC-AEA3-118F0941ADEC}.Debug|Any CPU.ActiveCfg = Debug|Any CPU
		{332C1ADE-BC9B-43FC-AEA3-118F0941ADEC}.Debug|Any CPU.Build.0 = Debug|Any CPU
		{332C1ADE-BC9B-43FC-AEA3-118F0941ADEC}.Release|Any CPU.ActiveCfg = Release|Any CPU
		{332C1ADE-BC9B-43FC-AEA3-118F0941ADEC}.Release|Any CPU.Build.0 = Release|Any CPU
	EndGlobalSection
	GlobalSection(SolutionProperties) = preSolution
		HideSolutionNode = FALSE
	EndGlobalSection
	GlobalSection(ExtensibilityGlobals) = postSolution
		SolutionGuid = {FCFBB026-879C-4066-9EC7-F77E79346048}
	EndGlobalSection
EndGlobal
